<?xml version="1.0" encoding="utf-8"?>
<Project ToolsVersion="4.0" xmlns="http://schemas.microsoft.com/developer/msbuild/2003">
  <ItemGroup>
    <Filter Include="Source Files">
      <UniqueIdentifier>{4FC737F1-C7A5-4376-A066-2A32D752A2FF}</UniqueIdentifier>
      <Extensions>cpp;c;cc;cxx;c++;cppm;ixx;def;odl;idl;hpj;bat;asm;asmx</Extensions>
    </Filter>
    <Filter Include="Header Files">
      <UniqueIdentifier>{93995380-89BD-4b04-88EB-625FBE52EBFB}</UniqueIdentifier>
      <Extensions>h;hh;hpp;hxx;h++;hm;inl;inc;ipp;xsd</Extensions>
    </Filter>
    <Filter Include="Resource Files">
      <UniqueIdentifier>{67DA6AB6-F800-4c08-8B7A-83BB121AAD01}</UniqueIdentifier>
      <Extensions>rc;ico;cur;bmp;dlg;rc2;rct;bin;rgs;gif;jpg;jpeg;jpe;resx;tiff;tif;png;wav;mfcribbon-ms</Extensions>
    </Filter>
    <Filter Include="Menu">
      <UniqueIdentifier>{0158d075-e104-4908-be49-57246baf363d}</UniqueIdentifier>
    </Filter>
    <Filter Include="Menu\Header Files">
      <UniqueIdentifier>{d7ac24c2-b3dc-4abb-b1a1-f57f99aba50e}</UniqueIdentifier>
    </Filter>
    <Filter Include="Menu\Source Files">
      <UniqueIdentifier>{d03a3be7-290c-44c2-855e-4b6dc77a5bbf}</UniqueIdentifier>
    </Filter>
  </ItemGroup>
  <ItemGroup>
    <ClInclude Include="framework.h">
      <Filter>Header Files</Filter>
    </ClInclude>
    <ClInclude Include="pch.h">
      <Filter>Header Files</Filter>
    </ClInclude>
    <ClInclude Include="engine.h">
      <Filter>Header Files</Filter>
    </ClInclude>
    <ClInclude Include="main.h">
      <Filter>Header Files</Filter>
    </ClInclude>
    <ClInclude Include="utils.h">
      <Filter>Header Files</Filter>
    </ClInclude>
    <ClInclude Include="hook.h">
      <Filter>Header Files</Filter>
    </ClInclude>
    <ClInclude Include="math.h">
      <Filter>Header Files</Filter>
    </ClInclude>
    <ClInclude Include="enums.h">
      <Filter>Header Files</Filter>
    </ClInclude>
    <ClInclude Include="button.h">
      <Filter>Menu\Header Files</Filter>
    </ClInclude>
    <ClInclude Include="menu_includes.h">
      <Filter>Menu\Header Files</Filter>
    </ClInclude>
    <ClInclude Include="defaults.h">
      <Filter>Menu\Header Files</Filter>
    </ClInclude>
    <ClInclude Include="menu.h">
      <Filter>Menu\Header Files</Filter>
    </ClInclude>
    <ClInclude Include="colors.h">
      <Filter>Header Files</Filter>
    </ClInclude>
    <ClInclude Include="input.h">
      <Filter>Header Files</Filter>
    </ClInclude>
    <ClInclude Include="component.h">
      <Filter>Menu\Header Files</Filter>
    </ClInclude>
    <ClInclude Include="toggle.h">
      <Filter>Menu\Header Files</Filter>
    </ClInclude>
    <ClInclude Include="tab_container.h">
      <Filter>Menu\Header Files</Filter>
    </ClInclude>
    <ClInclude Include="tab.h">
      <Filter>Menu\Header Files</Filter>
    </ClInclude>
    <ClInclude Include="main_menu.h">
      <Filter>Header Files</Filter>
    </ClInclude>
    <ClInclude Include="cursor.h">
      <Filter>Menu\Header Files</Filter>
    </ClInclude>
    <ClInclude Include="slider.h">
      <Filter>Menu\Header Files</Filter>
    </ClInclude>
    <ClInclude Include="label.h">
      <Filter>Menu\Header Files</Filter>
    </ClInclude>
  </ItemGroup>
  <ItemGroup>
    <ClCompile Include="dllmain.cpp">
      <Filter>Source Files</Filter>
    </ClCompile>
    <ClCompile Include="pch.cpp">
      <Filter>Source Files</Filter>
    </ClCompile>
    <ClCompile Include="engine.cpp">
      <Filter>Source Files</Filter>
    </ClCompile>
    <ClCompile Include="main.cpp">
      <Filter>Source Files</Filter>
    </ClCompile>
    <ClCompile Include="utils.cpp">
      <Filter>Source Files</Filter>
    </ClCompile>
    <ClCompile Include="hook.cpp">
      <Filter>Source Files</Filter>
    </ClCompile>
    <ClCompile Include="math.cpp">
      <Filter>Source Files</Filter>
    </ClCompile>
    <ClCompile Include="menu.cpp">
      <Filter>Menu\Source Files</Filter>
    </ClCompile>
    <ClCompile Include="input.cpp">
      <Filter>Source Files</Filter>
    </ClCompile>
    <ClCompile Include="component.cpp">
      <Filter>Menu\Source Files</Filter>
    </ClCompile>
    <ClCompile Include="toggle.cpp">
      <Filter>Menu\Source Files</Filter>
    </ClCompile>
    <ClCompile Include="tab_container.cpp">
      <Filter>Menu\Source Files</Filter>
    </ClCompile>
    <ClCompile Include="tab.cpp">
      <Filter>Menu\Source Files</Filter>
    </ClCompile>
    <ClCompile Include="button.cpp">
      <Filter>Menu\Source Files</Filter>
    </ClCompile>
    <ClCompile Include="main_menu.cpp">
      <Filter>Source Files</Filter>
    </ClCompile>
    <ClCompile Include="cursor.cpp">
      <Filter>Menu\Source Files</Filter>
    </ClCompile>
    <ClCompile Include="label.cpp">
      <Filter>Menu\Source Files</Filter>
    </ClCompile>
    <ClCompile Include="slider.cpp">
      <Filter>Menu\Source Files</Filter>
    </ClCompile>
  </ItemGroup>
</Project>